
Microsoft Visual Studio Solution File, Format Version 12.00
# Visual Studio Version 17
VisualStudioVersion = 17.9.34310.174
MinimumVisualStudioVersion = 10.0.40219.1
Project("{2150E333-8FDC-42A3-9474-1A3956D46DE8}") = "Behavioral", "Behavioral", "{4555B907-0456-4111-981D-AA136D28CBC3}"
EndProject
Project("{2150E333-8FDC-42A3-9474-1A3956D46DE8}") = "Creational", "Creational", "{D1918E47-C102-4108-8441-193658113736}"
EndProject
Project("{9A19103F-16F7-4668-BE54-9A1E7A4F7556}") = "Singleton", "Creational\Singleton\Singleton.csproj", "{CAE51710-EC17-4E7A-9042-213B11B11032}"
EndProject
Project("{9A19103F-16F7-4668-BE54-9A1E7A4F7556}") = "Observer", "Behavioral\Observer\Observer.csproj", "{8E9F73FC-377B-4CB5-B8C3-71F870FAFFD5}"
EndProject
Project("{9A19103F-16F7-4668-BE54-9A1E7A4F7556}") = "Shared", "Shared\Shared.csproj", "{3B5BF811-931B-43D5-AA5F-DFE942441189}"
EndProject
Project("{9A19103F-16F7-4668-BE54-9A1E7A4F7556}") = "AbstractFactory", "Creational\AbstractFactory\AbstractFactory.csproj", "{477175E6-78DF-4FE7-B0E6-3B6CD9FB50DD}"
EndProject
Project("{9A19103F-16F7-4668-BE54-9A1E7A4F7556}") = "Builder", "Creational\Builder\Builder.csproj", "{6FA936D2-824B-44A7-BCD2-376D430A087C}"
EndProject
Project("{2150E333-8FDC-42A3-9474-1A3956D46DE8}") = "Structural", "Structural", "{CDFA36FB-5278-4774-B327-0AC8525F55F5}"
EndProject
Project("{9A19103F-16F7-4668-BE54-9A1E7A4F7556}") = "Prototype", "Creational\Prototype\Prototype.csproj", "{6C01A536-1A90-41B6-9D0A-686581486212}"
EndProject
Project("{9A19103F-16F7-4668-BE54-9A1E7A4F7556}") = "Adapter", "Structural\Adapter\Adapter.csproj", "{C508404B-0379-45D9-93AA-67F28C7CCF81}"
EndProject
Project("{2150E333-8FDC-42A3-9474-1A3956D46DE8}") = "ChainOfResponsibility", "ChainOfResponsibility", "{A29CCDDA-4FC1-4B7B-A2C9-2239CD4D77EF}"
EndProject
Project("{9A19103F-16F7-4668-BE54-9A1E7A4F7556}") = "PasswordChecker", "Behavioral\ChainOfResponsibility\PasswordChecker\PasswordChecker.csproj", "{8022A024-3113-462A-88BC-117CF822235F}"
EndProject
Project("{9A19103F-16F7-4668-BE54-9A1E7A4F7556}") = "ShopManagement", "Behavioral\ChainOfResponsibility\ShopManagement\ShopManagement.csproj", "{C077127A-5757-4F2D-933B-428D629DE748}"
EndProject
Project("{2150E333-8FDC-42A3-9474-1A3956D46DE8}") = "Factory", "Factory", "{E8E463CA-8168-40B4-B10E-1A9EE956B20F}"
EndProject
Project("{9A19103F-16F7-4668-BE54-9A1E7A4F7556}") = "ShapeFactoryDemo", "Creational\Factory\ShapeFactoryDemo\ShapeFactoryDemo.csproj", "{7E3279FD-A137-458E-87FC-E1BA1E48864A}"
EndProject
Project("{2150E333-8FDC-42A3-9474-1A3956D46DE8}") = "Decorator", "Decorator", "{CC23CC6A-BA78-433D-98C9-1F0C87F00A77}"
EndProject
Project("{9A19103F-16F7-4668-BE54-9A1E7A4F7556}") = "TextDecoratorDemo", "Structural\Decorator\TextDecoratorDemo\TextDecoratorDemo.csproj", "{85C38A8C-BEB4-4EB8-9286-23CEB4C5F264}"
EndProject
Project("{2150E333-8FDC-42A3-9474-1A3956D46DE8}") = "FlyWeight", "FlyWeight", "{A76A8B02-2E00-4F30-AD45-ED46A300E026}"
EndProject
Project("{9A19103F-16F7-4668-BE54-9A1E7A4F7556}") = "ForestFlyweightDemo", "Structural\FlyWeight\ForestFlyweightDemo\ForestFlyweightDemo.csproj", "{0D47F6A7-854E-4914-9495-4C893D25E507}"
EndProject
Project("{2150E333-8FDC-42A3-9474-1A3956D46DE8}") = "Bridge", "Bridge", "{316492D5-3355-40D9-8D37-6980275E9CBA}"
EndProject
Project("{9A19103F-16F7-4668-BE54-9A1E7A4F7556}") = "ShapeColorBridge", "Structural\Bridge\ShapeColorBridge\ShapeColorBridge.csproj", "{CDEC06F4-1576-4C62-9B44-A0AA2C4A0B68}"
EndProject
Project("{9A19103F-16F7-4668-BE54-9A1E7A4F7556}") = "RemoteControllerBridge", "Structural\Bridge\RemoteControllerBridge\RemoteControllerBridge.csproj", "{07F89FED-2643-4484-A575-5C1D28DFF9E2}"
EndProject
Project("{2150E333-8FDC-42A3-9474-1A3956D46DE8}") = "Composite", "Composite", "{571CAD83-9478-447B-902B-E2AD27DFB681}"
EndProject
Project("{9A19103F-16F7-4668-BE54-9A1E7A4F7556}") = "FileDirectoriesComposite", "Structural\Composite\FileDirectoriesComposite\FileDirectoriesComposite.csproj", "{9210D120-50C9-462B-9868-BD7459E286FA}"
EndProject
Project("{2150E333-8FDC-42A3-9474-1A3956D46DE8}") = "Proxy", "Proxy", "{64F81E94-9C5E-43F0-9503-71617E6CDD34}"
EndProject
Project("{FAE04EC0-301F-11D3-BF4B-00C04F79EFBC}") = "DatabaseProxyDemo", "Structural\Proxy\DatabaseProxyDemo\DatabaseProxyDemo.csproj", "{AA1F6DFF-839D-49F5-B8F4-2E17405B53FC}"
EndProject
Project("{2150E333-8FDC-42A3-9474-1A3956D46DE8}") = "Command", "Command", "{F1E8654E-F1E2-4509-B032-D9143172F342}"
EndProject
Project("{FAE04EC0-301F-11D3-BF4B-00C04F79EFBC}") = "ProductCommandDemo", "Behavioral\Command\ProductCommandDemo\ProductCommandDemo.csproj", "{FEA76924-7846-4840-A4B0-AAEA863C3813}"
EndProject
Global
	GlobalSection(SolutionConfigurationPlatforms) = preSolution
		Debug|Any CPU = Debug|Any CPU
		Release|Any CPU = Release|Any CPU
	EndGlobalSection
	GlobalSection(ProjectConfigurationPlatforms) = postSolution
		{CAE51710-EC17-4E7A-9042-213B11B11032}.Debug|Any CPU.ActiveCfg = Debug|Any CPU
		{CAE51710-EC17-4E7A-9042-213B11B11032}.Debug|Any CPU.Build.0 = Debug|Any CPU
		{CAE51710-EC17-4E7A-9042-213B11B11032}.Release|Any CPU.ActiveCfg = Release|Any CPU
		{CAE51710-EC17-4E7A-9042-213B11B11032}.Release|Any CPU.Build.0 = Release|Any CPU
		{8E9F73FC-377B-4CB5-B8C3-71F870FAFFD5}.Debug|Any CPU.ActiveCfg = Debug|Any CPU
		{8E9F73FC-377B-4CB5-B8C3-71F870FAFFD5}.Debug|Any CPU.Build.0 = Debug|Any CPU
		{8E9F73FC-377B-4CB5-B8C3-71F870FAFFD5}.Release|Any CPU.ActiveCfg = Release|Any CPU
		{8E9F73FC-377B-4CB5-B8C3-71F870FAFFD5}.Release|Any CPU.Build.0 = Release|Any CPU
		{3B5BF811-931B-43D5-AA5F-DFE942441189}.Debug|Any CPU.ActiveCfg = Debug|Any CPU
		{3B5BF811-931B-43D5-AA5F-DFE942441189}.Debug|Any CPU.Build.0 = Debug|Any CPU
		{3B5BF811-931B-43D5-AA5F-DFE942441189}.Release|Any CPU.ActiveCfg = Release|Any CPU
		{3B5BF811-931B-43D5-AA5F-DFE942441189}.Release|Any CPU.Build.0 = Release|Any CPU
		{477175E6-78DF-4FE7-B0E6-3B6CD9FB50DD}.Debug|Any CPU.ActiveCfg = Debug|Any CPU
		{477175E6-78DF-4FE7-B0E6-3B6CD9FB50DD}.Debug|Any CPU.Build.0 = Debug|Any CPU
		{477175E6-78DF-4FE7-B0E6-3B6CD9FB50DD}.Release|Any CPU.ActiveCfg = Release|Any CPU
		{477175E6-78DF-4FE7-B0E6-3B6CD9FB50DD}.Release|Any CPU.Build.0 = Release|Any CPU
		{6FA936D2-824B-44A7-BCD2-376D430A087C}.Debug|Any CPU.ActiveCfg = Debug|Any CPU
		{6FA936D2-824B-44A7-BCD2-376D430A087C}.Debug|Any CPU.Build.0 = Debug|Any CPU
		{6FA936D2-824B-44A7-BCD2-376D430A087C}.Release|Any CPU.ActiveCfg = Release|Any CPU
		{6FA936D2-824B-44A7-BCD2-376D430A087C}.Release|Any CPU.Build.0 = Release|Any CPU
		{6C01A536-1A90-41B6-9D0A-686581486212}.Debug|Any CPU.ActiveCfg = Debug|Any CPU
		{6C01A536-1A90-41B6-9D0A-686581486212}.Debug|Any CPU.Build.0 = Debug|Any CPU
		{6C01A536-1A90-41B6-9D0A-686581486212}.Release|Any CPU.ActiveCfg = Release|Any CPU
		{6C01A536-1A90-41B6-9D0A-686581486212}.Release|Any CPU.Build.0 = Release|Any CPU
		{C508404B-0379-45D9-93AA-67F28C7CCF81}.Debug|Any CPU.ActiveCfg = Debug|Any CPU
		{C508404B-0379-45D9-93AA-67F28C7CCF81}.Debug|Any CPU.Build.0 = Debug|Any CPU
		{C508404B-0379-45D9-93AA-67F28C7CCF81}.Release|Any CPU.ActiveCfg = Release|Any CPU
		{C508404B-0379-45D9-93AA-67F28C7CCF81}.Release|Any CPU.Build.0 = Release|Any CPU
		{8022A024-3113-462A-88BC-117CF822235F}.Debug|Any CPU.ActiveCfg = Debug|Any CPU
		{8022A024-3113-462A-88BC-117CF822235F}.Debug|Any CPU.Build.0 = Debug|Any CPU
		{8022A024-3113-462A-88BC-117CF822235F}.Release|Any CPU.ActiveCfg = Release|Any CPU
		{8022A024-3113-462A-88BC-117CF822235F}.Release|Any CPU.Build.0 = Release|Any CPU
		{C077127A-5757-4F2D-933B-428D629DE748}.Debug|Any CPU.ActiveCfg = Debug|Any CPU
		{C077127A-5757-4F2D-933B-428D629DE748}.Debug|Any CPU.Build.0 = Debug|Any CPU
		{C077127A-5757-4F2D-933B-428D629DE748}.Release|Any CPU.ActiveCfg = Release|Any CPU
		{C077127A-5757-4F2D-933B-428D629DE748}.Release|Any CPU.Build.0 = Release|Any CPU
		{7E3279FD-A137-458E-87FC-E1BA1E48864A}.Debug|Any CPU.ActiveCfg = Debug|Any CPU
		{7E3279FD-A137-458E-87FC-E1BA1E48864A}.Debug|Any CPU.Build.0 = Debug|Any CPU
		{7E3279FD-A137-458E-87FC-E1BA1E48864A}.Release|Any CPU.ActiveCfg = Release|Any CPU
		{7E3279FD-A137-458E-87FC-E1BA1E48864A}.Release|Any CPU.Build.0 = Release|Any CPU
		{85C38A8C-BEB4-4EB8-9286-23CEB4C5F264}.Debug|Any CPU.ActiveCfg = Debug|Any CPU
		{85C38A8C-BEB4-4EB8-9286-23CEB4C5F264}.Debug|Any CPU.Build.0 = Debug|Any CPU
		{85C38A8C-BEB4-4EB8-9286-23CEB4C5F264}.Release|Any CPU.ActiveCfg = Release|Any CPU
		{85C38A8C-BEB4-4EB8-9286-23CEB4C5F264}.Release|Any CPU.Build.0 = Release|Any CPU
		{0D47F6A7-854E-4914-9495-4C893D25E507}.Debug|Any CPU.ActiveCfg = Debug|Any CPU
		{0D47F6A7-854E-4914-9495-4C893D25E507}.Debug|Any CPU.Build.0 = Debug|Any CPU
		{0D47F6A7-854E-4914-9495-4C893D25E507}.Release|Any CPU.ActiveCfg = Release|Any CPU
		{0D47F6A7-854E-4914-9495-4C893D25E507}.Release|Any CPU.Build.0 = Release|Any CPU
		{CDEC06F4-1576-4C62-9B44-A0AA2C4A0B68}.Debug|Any CPU.ActiveCfg = Debug|Any CPU
		{CDEC06F4-1576-4C62-9B44-A0AA2C4A0B68}.Debug|Any CPU.Build.0 = Debug|Any CPU
		{CDEC06F4-1576-4C62-9B44-A0AA2C4A0B68}.Release|Any CPU.ActiveCfg = Release|Any CPU
		{CDEC06F4-1576-4C62-9B44-A0AA2C4A0B68}.Release|Any CPU.Build.0 = Release|Any CPU
		{07F89FED-2643-4484-A575-5C1D28DFF9E2}.Debug|Any CPU.ActiveCfg = Debug|Any CPU
		{07F89FED-2643-4484-A575-5C1D28DFF9E2}.Debug|Any CPU.Build.0 = Debug|Any CPU
		{07F89FED-2643-4484-A575-5C1D28DFF9E2}.Release|Any CPU.ActiveCfg = Release|Any CPU
		{07F89FED-2643-4484-A575-5C1D28DFF9E2}.Release|Any CPU.Build.0 = Release|Any CPU
		{9210D120-50C9-462B-9868-BD7459E286FA}.Debug|Any CPU.ActiveCfg = Debug|Any CPU
		{9210D120-50C9-462B-9868-BD7459E286FA}.Debug|Any CPU.Build.0 = Debug|Any CPU
		{9210D120-50C9-462B-9868-BD7459E286FA}.Release|Any CPU.ActiveCfg = Release|Any CPU
		{9210D120-50C9-462B-9868-BD7459E286FA}.Release|Any CPU.Build.0 = Release|Any CPU
		{AA1F6DFF-839D-49F5-B8F4-2E17405B53FC}.Debug|Any CPU.ActiveCfg = Debug|Any CPU
		{AA1F6DFF-839D-49F5-B8F4-2E17405B53FC}.Debug|Any CPU.Build.0 = Debug|Any CPU
		{AA1F6DFF-839D-49F5-B8F4-2E17405B53FC}.Release|Any CPU.ActiveCfg = Release|Any CPU
		{AA1F6DFF-839D-49F5-B8F4-2E17405B53FC}.Release|Any CPU.Build.0 = Release|Any CPU
		{FEA76924-7846-4840-A4B0-AAEA863C3813}.Debug|Any CPU.ActiveCfg = Debug|Any CPU
		{FEA76924-7846-4840-A4B0-AAEA863C3813}.Debug|Any CPU.Build.0 = Debug|Any CPU
		{FEA76924-7846-4840-A4B0-AAEA863C3813}.Release|Any CPU.ActiveCfg = Release|Any CPU
		{FEA76924-7846-4840-A4B0-AAEA863C3813}.Release|Any CPU.Build.0 = Release|Any CPU
	EndGlobalSection
	GlobalSection(SolutionProperties) = preSolution
		HideSolutionNode = FALSE
	EndGlobalSection
	GlobalSection(NestedProjects) = preSolution
		{CAE51710-EC17-4E7A-9042-213B11B11032} = {D1918E47-C102-4108-8441-193658113736}
		{8E9F73FC-377B-4CB5-B8C3-71F870FAFFD5} = {4555B907-0456-4111-981D-AA136D28CBC3}
		{477175E6-78DF-4FE7-B0E6-3B6CD9FB50DD} = {D1918E47-C102-4108-8441-193658113736}
		{6FA936D2-824B-44A7-BCD2-376D430A087C} = {D1918E47-C102-4108-8441-193658113736}
		{6C01A536-1A90-41B6-9D0A-686581486212} = {D1918E47-C102-4108-8441-193658113736}
		{C508404B-0379-45D9-93AA-67F28C7CCF81} = {CDFA36FB-5278-4774-B327-0AC8525F55F5}
		{A29CCDDA-4FC1-4B7B-A2C9-2239CD4D77EF} = {4555B907-0456-4111-981D-AA136D28CBC3}
		{8022A024-3113-462A-88BC-117CF822235F} = {A29CCDDA-4FC1-4B7B-A2C9-2239CD4D77EF}
		{C077127A-5757-4F2D-933B-428D629DE748} = {A29CCDDA-4FC1-4B7B-A2C9-2239CD4D77EF}
		{E8E463CA-8168-40B4-B10E-1A9EE956B20F} = {D1918E47-C102-4108-8441-193658113736}
		{7E3279FD-A137-458E-87FC-E1BA1E48864A} = {E8E463CA-8168-40B4-B10E-1A9EE956B20F}
		{CC23CC6A-BA78-433D-98C9-1F0C87F00A77} = {CDFA36FB-5278-4774-B327-0AC8525F55F5}
		{85C38A8C-BEB4-4EB8-9286-23CEB4C5F264} = {CC23CC6A-BA78-433D-98C9-1F0C87F00A77}
		{A76A8B02-2E00-4F30-AD45-ED46A300E026} = {CDFA36FB-5278-4774-B327-0AC8525F55F5}
		{0D47F6A7-854E-4914-9495-4C893D25E507} = {A76A8B02-2E00-4F30-AD45-ED46A300E026}
		{316492D5-3355-40D9-8D37-6980275E9CBA} = {CDFA36FB-5278-4774-B327-0AC8525F55F5}
		{CDEC06F4-1576-4C62-9B44-A0AA2C4A0B68} = {316492D5-3355-40D9-8D37-6980275E9CBA}
		{07F89FED-2643-4484-A575-5C1D28DFF9E2} = {316492D5-3355-40D9-8D37-6980275E9CBA}
		{571CAD83-9478-447B-902B-E2AD27DFB681} = {CDFA36FB-5278-4774-B327-0AC8525F55F5}
		{9210D120-50C9-462B-9868-BD7459E286FA} = {571CAD83-9478-447B-902B-E2AD27DFB681}
		{64F81E94-9C5E-43F0-9503-71617E6CDD34} = {CDFA36FB-5278-4774-B327-0AC8525F55F5}
		{AA1F6DFF-839D-49F5-B8F4-2E17405B53FC} = {64F81E94-9C5E-43F0-9503-71617E6CDD34}
		{F1E8654E-F1E2-4509-B032-D9143172F342} = {4555B907-0456-4111-981D-AA136D28CBC3}
		{FEA76924-7846-4840-A4B0-AAEA863C3813} = {F1E8654E-F1E2-4509-B032-D9143172F342}
	EndGlobalSection
	GlobalSection(ExtensibilityGlobals) = postSolution
		SolutionGuid = {ADD1343B-CA16-415E-A6E6-EBF771D5649B}
	EndGlobalSection
EndGlobal
