
Microsoft Visual Studio Solution File, Format Version 12.00
# Visual Studio Version 17
VisualStudioVersion = 17.9.34310.174
MinimumVisualStudioVersion = 10.0.40219.1
Project("{9A19103F-16F7-4668-BE54-9A1E7A4F7556}") = "DesignPatterns.App", "DesignPatterns.App\DesignPatterns.App.csproj", "{C22B03E0-59AF-479B-8CA8-6FB4FF9AAD94}"
EndProject
Project("{9A19103F-16F7-4668-BE54-9A1E7A4F7556}") = "DesignPatterns.Shared.FactoryPattern", "DesignPatterns.Shared.FactoryPattern\DesignPatterns.Shared.FactoryPattern.csproj", "{BA056F23-C7DA-437E-BE89-7859F2D2DAED}"
EndProject
Project("{9A19103F-16F7-4668-BE54-9A1E7A4F7556}") = "DesignPatterns.Shared", "DesignPatterns.Shared\DesignPatterns.Shared.csproj", "{424F91BD-0F33-47C3-AA42-B542C0DEBD29}"
EndProject
Project("{9A19103F-16F7-4668-BE54-9A1E7A4F7556}") = "DesignPatterns.Shared.SingletonPattern", "DesignPatterns.Shared.SingletonPattern\DesignPatterns.Shared.SingletonPattern.csproj", "{3A3169E0-B198-4025-9E19-883221B6D2E1}"
EndProject
Project("{FAE04EC0-301F-11D3-BF4B-00C04F79EFBC}") = "DesignPatterns.Shared.BuilderPattern", "DesignPatterns.Shared.BuilderPattern\DesignPatterns.Shared.BuilderPattern.csproj", "{564E449D-C253-4E1F-8606-AD1FA7EAB8A3}"
EndProject
Global
	GlobalSection(SolutionConfigurationPlatforms) = preSolution
		Debug|Any CPU = Debug|Any CPU
		Release|Any CPU = Release|Any CPU
	EndGlobalSection
	GlobalSection(ProjectConfigurationPlatforms) = postSolution
		{C22B03E0-59AF-479B-8CA8-6FB4FF9AAD94}.Debug|Any CPU.ActiveCfg = Debug|Any CPU
		{C22B03E0-59AF-479B-8CA8-6FB4FF9AAD94}.Debug|Any CPU.Build.0 = Debug|Any CPU
		{C22B03E0-59AF-479B-8CA8-6FB4FF9AAD94}.Release|Any CPU.ActiveCfg = Release|Any CPU
		{C22B03E0-59AF-479B-8CA8-6FB4FF9AAD94}.Release|Any CPU.Build.0 = Release|Any CPU
		{BA056F23-C7DA-437E-BE89-7859F2D2DAED}.Debug|Any CPU.ActiveCfg = Debug|Any CPU
		{BA056F23-C7DA-437E-BE89-7859F2D2DAED}.Debug|Any CPU.Build.0 = Debug|Any CPU
		{BA056F23-C7DA-437E-BE89-7859F2D2DAED}.Release|Any CPU.ActiveCfg = Release|Any CPU
		{BA056F23-C7DA-437E-BE89-7859F2D2DAED}.Release|Any CPU.Build.0 = Release|Any CPU
		{424F91BD-0F33-47C3-AA42-B542C0DEBD29}.Debug|Any CPU.ActiveCfg = Debug|Any CPU
		{424F91BD-0F33-47C3-AA42-B542C0DEBD29}.Debug|Any CPU.Build.0 = Debug|Any CPU
		{424F91BD-0F33-47C3-AA42-B542C0DEBD29}.Release|Any CPU.ActiveCfg = Release|Any CPU
		{424F91BD-0F33-47C3-AA42-B542C0DEBD29}.Release|Any CPU.Build.0 = Release|Any CPU
		{3A3169E0-B198-4025-9E19-883221B6D2E1}.Debug|Any CPU.ActiveCfg = Debug|Any CPU
		{3A3169E0-B198-4025-9E19-883221B6D2E1}.Debug|Any CPU.Build.0 = Debug|Any CPU
		{3A3169E0-B198-4025-9E19-883221B6D2E1}.Release|Any CPU.ActiveCfg = Release|Any CPU
		{3A3169E0-B198-4025-9E19-883221B6D2E1}.Release|Any CPU.Build.0 = Release|Any CPU
		{564E449D-C253-4E1F-8606-AD1FA7EAB8A3}.Debug|Any CPU.ActiveCfg = Debug|Any CPU
		{564E449D-C253-4E1F-8606-AD1FA7EAB8A3}.Debug|Any CPU.Build.0 = Debug|Any CPU
		{564E449D-C253-4E1F-8606-AD1FA7EAB8A3}.Release|Any CPU.ActiveCfg = Release|Any CPU
		{564E449D-C253-4E1F-8606-AD1FA7EAB8A3}.Release|Any CPU.Build.0 = Release|Any CPU
	EndGlobalSection
	GlobalSection(SolutionProperties) = preSolution
		HideSolutionNode = FALSE
	EndGlobalSection
	GlobalSection(ExtensibilityGlobals) = postSolution
		SolutionGuid = {ADD1343B-CA16-415E-A6E6-EBF771D5649B}
	EndGlobalSection
EndGlobal
